
Microsoft Visual Studio Solution File, Format Version 12.00
# Visual Studio Version 16
VisualStudioVersion = 16.0.29020.237
MinimumVisualStudioVersion = 10.0.40219.1
Project("{9A19103F-16F7-4668-BE54-9A1E7A4F7556}") = "LockNess.Communication.Core", "LockNess.Communication\LockNess.Communication.Core.csproj", "{88B88B2F-F086-4CE2-8D23-89895E0CF632}"
EndProject
Project("{9A19103F-16F7-4668-BE54-9A1E7A4F7556}") = "LockNess.Communication.Servers", "LockNess.Communication.Servers\LockNess.Communication.Servers.csproj", "{F9F80717-C190-478A-98B7-6ADD316F3087}"
EndProject
Project("{9A19103F-16F7-4668-BE54-9A1E7A4F7556}") = "EchoServer", "EchoServer\EchoServer.csproj", "{EF512FC1-9EEE-471C-BC1A-DBEEF2B0AA30}"
EndProject
Project("{FAE04EC0-301F-11D3-BF4B-00C04F79EFBC}") = "LockNess.Common", "LockNess.Common\LockNess.Common.csproj", "{7ACF4D74-89A8-4247-8F05-98E5083FE338}"
EndProject
Project("{2150E333-8FDC-42A3-9474-1A3956D46DE8}") = "Test", "Test", "{2781FBCE-233C-49B8-8AAF-F81D4E2C26D9}"
EndProject
Project("{FAE04EC0-301F-11D3-BF4B-00C04F79EFBC}") = "Common.Test", "Common.Test\Common.Test.csproj", "{123EFD37-D860-4B00-9ACB-3C326CD36C44}"
EndProject
Global
	GlobalSection(SolutionConfigurationPlatforms) = preSolution
		Debug|Any CPU = Debug|Any CPU
		Release|Any CPU = Release|Any CPU
	EndGlobalSection
	GlobalSection(ProjectConfigurationPlatforms) = postSolution
		{88B88B2F-F086-4CE2-8D23-89895E0CF632}.Debug|Any CPU.ActiveCfg = Debug|Any CPU
		{88B88B2F-F086-4CE2-8D23-89895E0CF632}.Debug|Any CPU.Build.0 = Debug|Any CPU
		{88B88B2F-F086-4CE2-8D23-89895E0CF632}.Release|Any CPU.ActiveCfg = Release|Any CPU
		{88B88B2F-F086-4CE2-8D23-89895E0CF632}.Release|Any CPU.Build.0 = Release|Any CPU
		{F9F80717-C190-478A-98B7-6ADD316F3087}.Debug|Any CPU.ActiveCfg = Debug|Any CPU
		{F9F80717-C190-478A-98B7-6ADD316F3087}.Debug|Any CPU.Build.0 = Debug|Any CPU
		{F9F80717-C190-478A-98B7-6ADD316F3087}.Release|Any CPU.ActiveCfg = Release|Any CPU
		{F9F80717-C190-478A-98B7-6ADD316F3087}.Release|Any CPU.Build.0 = Release|Any CPU
		{EF512FC1-9EEE-471C-BC1A-DBEEF2B0AA30}.Debug|Any CPU.ActiveCfg = Debug|Any CPU
		{EF512FC1-9EEE-471C-BC1A-DBEEF2B0AA30}.Debug|Any CPU.Build.0 = Debug|Any CPU
		{EF512FC1-9EEE-471C-BC1A-DBEEF2B0AA30}.Release|Any CPU.ActiveCfg = Release|Any CPU
		{EF512FC1-9EEE-471C-BC1A-DBEEF2B0AA30}.Release|Any CPU.Build.0 = Release|Any CPU
		{7ACF4D74-89A8-4247-8F05-98E5083FE338}.Debug|Any CPU.ActiveCfg = Debug|Any CPU
		{7ACF4D74-89A8-4247-8F05-98E5083FE338}.Debug|Any CPU.Build.0 = Debug|Any CPU
		{7ACF4D74-89A8-4247-8F05-98E5083FE338}.Release|Any CPU.ActiveCfg = Release|Any CPU
		{7ACF4D74-89A8-4247-8F05-98E5083FE338}.Release|Any CPU.Build.0 = Release|Any CPU
		{123EFD37-D860-4B00-9ACB-3C326CD36C44}.Debug|Any CPU.ActiveCfg = Debug|Any CPU
		{123EFD37-D860-4B00-9ACB-3C326CD36C44}.Debug|Any CPU.Build.0 = Debug|Any CPU
		{123EFD37-D860-4B00-9ACB-3C326CD36C44}.Release|Any CPU.ActiveCfg = Release|Any CPU
		{123EFD37-D860-4B00-9ACB-3C326CD36C44}.Release|Any CPU.Build.0 = Release|Any CPU
	EndGlobalSection
	GlobalSection(SolutionProperties) = preSolution
		HideSolutionNode = FALSE
	EndGlobalSection
	GlobalSection(NestedProjects) = preSolution
		{123EFD37-D860-4B00-9ACB-3C326CD36C44} = {2781FBCE-233C-49B8-8AAF-F81D4E2C26D9}
	EndGlobalSection
	GlobalSection(ExtensibilityGlobals) = postSolution
		SolutionGuid = {27890A8F-1870-4648-9F9E-B45916CC8BDA}
	EndGlobalSection
EndGlobal
